
Microsoft Visual Studio Solution File, Format Version 12.00
# Visual Studio 15
VisualStudioVersion = 15.0.28010.2050
MinimumVisualStudioVersion = 10.0.40219.1
Project("{FAE04EC0-301F-11D3-BF4B-00C04F79EFBC}") = "GitTestProjekt", "GitTestProjekt\GitTestProjekt.csproj", "{77C7A2CB-9BB4-46B3-ADA8-A70E16A9C10E}"
EndProject
Global
	GlobalSection(SolutionConfigurationPlatforms) = preSolution
		Debug|Any CPU = Debug|Any CPU
		Release|Any CPU = Release|Any CPU
	EndGlobalSection
	GlobalSection(ProjectConfigurationPlatforms) = postSolution
		{77C7A2CB-9BB4-46B3-ADA8-A70E16A9C10E}.Debug|Any CPU.ActiveCfg = Debug|Any CPU
		{77C7A2CB-9BB4-46B3-ADA8-A70E16A9C10E}.Debug|Any CPU.Build.0 = Debug|Any CPU
		{77C7A2CB-9BB4-46B3-ADA8-A70E16A9C10E}.Release|Any CPU.ActiveCfg = Release|Any CPU
		{77C7A2CB-9BB4-46B3-ADA8-A70E16A9C10E}.Release|Any CPU.Build.0 = Release|Any CPU
	EndGlobalSection
	GlobalSection(SolutionProperties) = preSolution
		HideSolutionNode = FALSE
	EndGlobalSection
	GlobalSection(ExtensibilityGlobals) = postSolution
		SolutionGuid = {5ECC7B7D-14A5-42FA-8247-6E717F4EEDDB}
	EndGlobalSection
EndGlobal
